<?xml version="1.0" encoding="utf-8"?>
<Project ToolsVersion="4.0" xmlns="http://schemas.microsoft.com/developer/msbuild/2003">
  <ItemGroup>
    <Filter Include="Source Files">
      <UniqueIdentifier>{4FC737F1-C7A5-4376-A066-2A32D752A2FF}</UniqueIdentifier>
      <Extensions>cpp;c;cc;cxx;def;odl;idl;hpj;bat;asm;asmx</Extensions>
    </Filter>
    <Filter Include="Header Files">
      <UniqueIdentifier>{93995380-89BD-4b04-88EB-625FBE52EBFB}</UniqueIdentifier>
      <Extensions>h;hh;hpp;hxx;hm;inl;inc;ipp;xsd</Extensions>
    </Filter>
    <Filter Include="Resource Files">
      <UniqueIdentifier>{67DA6AB6-F800-4c08-8B7A-83BB121AAD01}</UniqueIdentifier>
      <Extensions>rc;ico;cur;bmp;dlg;rc2;rct;bin;rgs;gif;jpg;jpeg;jpe;resx;tiff;tif;png;wav;mfcribbon-ms</Extensions>
    </Filter>
    <Filter Include="MetaLib">
      <UniqueIdentifier>{3137764d-d11f-4bdb-a02b-07a2f0452dd8}</UniqueIdentifier>
    </Filter>
    <Filter Include="MetaLib\detail">
      <UniqueIdentifier>{f9244db8-f268-4b65-9ca2-376ae7a8f6c4}</UniqueIdentifier>
    </Filter>
    <Filter Include="Header Files\MetaLib">
      <UniqueIdentifier>{a41fec1c-ceb3-454d-9bb6-ae99d34a62e9}</UniqueIdentifier>
    </Filter>
    <Filter Include="Header Files\MetaLib\detail">
      <UniqueIdentifier>{4eb54f32-60bf-4e33-862f-f0810c5dd25f}</UniqueIdentifier>
    </Filter>
  </ItemGroup>
  <ItemGroup>
    <ClCompile Include="IpCore.cpp">
      <Filter>Source Files</Filter>
    </ClCompile>
    <ClCompile Include="IpUtils.cpp">
      <Filter>Source Files</Filter>
    </ClCompile>
    <ClCompile Include="Process.cpp">
      <Filter>Source Files</Filter>
    </ClCompile>
    <ClCompile Include="Thread.cpp">
      <Filter>Source Files</Filter>
    </ClCompile>
    <ClCompile Include="ThreadManager.cpp">
      <Filter>Source Files</Filter>
    </ClCompile>
    <ClCompile Include="TimeUtils.cpp">
      <Filter>Source Files</Filter>
    </ClCompile>
    <ClCompile Include="IpServer.cpp">
      <Filter>Source Files</Filter>
    </ClCompile>
    <ClCompile Include="IpClient.cpp">
      <Filter>Source Files</Filter>
    </ClCompile>
    <ClCompile Include="Timer.cpp">
      <Filter>Source Files</Filter>
    </ClCompile>
    <ClCompile Include="MetaLib\StringCast.cpp">
      <Filter>MetaLib</Filter>
    </ClCompile>
  </ItemGroup>
  <ItemGroup>
    <ClInclude Include="IpCore.h">
      <Filter>Header Files</Filter>
    </ClInclude>
    <ClInclude Include="IpUtils.h">
      <Filter>Header Files</Filter>
    </ClInclude>
    <ClInclude Include="OsEnv.h">
      <Filter>Header Files</Filter>
    </ClInclude>
    <ClInclude Include="Process.h">
      <Filter>Header Files</Filter>
    </ClInclude>
    <ClInclude Include="Thread.h">
      <Filter>Header Files</Filter>
    </ClInclude>
    <ClInclude Include="ThreadManager.h">
      <Filter>Header Files</Filter>
    </ClInclude>
    <ClInclude Include="TimeUtils.h">
      <Filter>Header Files</Filter>
    </ClInclude>
    <ClInclude Include="IpServer.h">
      <Filter>Header Files</Filter>
    </ClInclude>
    <ClInclude Include="IpClient.h">
      <Filter>Header Files</Filter>
    </ClInclude>
    <ClInclude Include="Timer.h">
      <Filter>Header Files</Filter>
    </ClInclude>
    <ClInclude Include="MetaLib\detail\template_helpers.h">
      <Filter>Header Files\MetaLib\detail</Filter>
    </ClInclude>
    <ClInclude Include="MetaLib\detail\MetaHolder.h">
      <Filter>Header Files\MetaLib\detail</Filter>
    </ClInclude>
    <ClInclude Include="MetaLib\CompactCast.h">
      <Filter>Header Files\MetaLib</Filter>
    </ClInclude>
    <ClInclude Include="MetaLib\JsonCast.h">
      <Filter>Header Files\MetaLib</Filter>
    </ClInclude>
    <ClInclude Include="MetaLib\Member.h">
      <Filter>Header Files\MetaLib</Filter>
    </ClInclude>
    <ClInclude Include="MetaLib\Meta.h">
      <Filter>Header Files\MetaLib</Filter>
    </ClInclude>
    <ClInclude Include="MetaLib\rapidxml.hpp">
      <Filter>Header Files\MetaLib</Filter>
    </ClInclude>
    <ClInclude Include="MetaLib\json.hpp">
      <Filter>Header Files\MetaLib</Filter>
    </ClInclude>
    <ClInclude Include="MetaLib\rapidxml_ext.h">
      <Filter>Header Files\MetaLib</Filter>
    </ClInclude>
    <ClInclude Include="MetaLib\rapidxml_print.hpp">
      <Filter>Header Files\MetaLib</Filter>
    </ClInclude>
    <ClInclude Include="MetaLib\rapidxml_iterators.hpp">
      <Filter>Header Files\MetaLib</Filter>
    </ClInclude>
    <ClInclude Include="MetaLib\rapidxml_utils.hpp">
      <Filter>Header Files\MetaLib</Filter>
    </ClInclude>
    <ClInclude Include="MetaLib\StringCast.h">
      <Filter>Header Files\MetaLib</Filter>
    </ClInclude>
    <ClInclude Include="MetaLib\XmlCast.h">
      <Filter>Header Files\MetaLib</Filter>
    </ClInclude>
    <ClInclude Include="MetaLib\magic_enum.hpp">
      <Filter>Header Files\MetaLib</Filter>
    </ClInclude>
  </ItemGroup>
</Project>